{
  "requires": true,
  "lockfileVersion": 1,
  "dependencies": {
    "node-inspect": {
      "version": "2.0.0",
      "resolved": "https://registry.npmjs.org/node-inspect/-/node-inspect-2.0.0.tgz",
      "integrity": "sha512-vaDNU6Fa/vt8gv/PV+QoeSIPhcBnHMiNOtInxcojfagspQg5KP9HloUDGJWIacamT8Agiu51eF+fuBjrE25a6w=="
    }
  }
}
